
Microsoft Visual Studio Solution File, Format Version 12.00
# Visual Studio Version 17
VisualStudioVersion = 17.3.32922.545
MinimumVisualStudioVersion = 10.0.40219.1
Project("{9A19103F-16F7-4668-BE54-9A1E7A4F7556}") = "DZN4JR_HFT_2022231.client", "DZN4JR_HFT_2022231.client\DZN4JR_HFT_2022231.client.csproj", "{DC48DFD8-00DC-459A-82A5-6BE3612B5260}"
EndProject
Project("{9A19103F-16F7-4668-BE54-9A1E7A4F7556}") = "DZN4JR_HFT_2022231.Models", "DZN4JR_HFT_2022231.Models\DZN4JR_HFT_2022231.Models.csproj", "{16D1E90B-ACA1-434B-B2B6-B9705B9F24E4}"
EndProject
Project("{9A19103F-16F7-4668-BE54-9A1E7A4F7556}") = "DZN4JR_HFT_2022231.Logic", "DZN4JR_HFT_2022231.Logic\DZN4JR_HFT_2022231.Logic.csproj", "{07E8BA31-3673-4CBD-B036-42ABB51940B1}"
EndProject
Project("{9A19103F-16F7-4668-BE54-9A1E7A4F7556}") = "DZN4JR_HFT_2022231.Repository", "DZN4JR_HFT_2022231.Repository\DZN4JR_HFT_2022231.Repository.csproj", "{A4295F34-64EC-4B66-B874-057F99A7FA32}"
EndProject
Project("{9A19103F-16F7-4668-BE54-9A1E7A4F7556}") = "DZN4JR_HFT_2022231.Test", "DZN4JR_HFT_2022231.Test\DZN4JR_HFT_2022231.Test.csproj", "{FD7EB9F3-7D9F-4FA4-9390-5B7C1FFD8E94}"
EndProject
Project("{9A19103F-16F7-4668-BE54-9A1E7A4F7556}") = "DZN4JR_HFT_2022231.Endpoint", "DZN4JR_HFT_2022231.Endpoint\DZN4JR_HFT_2022231.Endpoint.csproj", "{98DAC610-3022-4119-8DB2-51F32A73DB94}"
EndProject
Project("{2150E333-8FDC-42A3-9474-1A3956D46DE8}") = "Backend", "Backend", "{A04699B4-3FBB-40A9-AE35-FD7729FCC35C}"
EndProject
Project("{2150E333-8FDC-42A3-9474-1A3956D46DE8}") = "Frontend", "Frontend", "{DCB08180-6015-49BB-B557-1BD05CC794AE}"
EndProject
Project("{2150E333-8FDC-42A3-9474-1A3956D46DE8}") = "Shared", "Shared", "{A5B847B5-5E22-46E2-BF3B-5ED03483AD75}"
EndProject
Project("{9A19103F-16F7-4668-BE54-9A1E7A4F7556}") = "DZN4JR_HFT_2022231.WPFClient", "DZN4JR_HFT_2022231.WPFClient\DZN4JR_HFT_2022231.WPFClient.csproj", "{C72A28E9-427E-417D-AC30-2CD830EEF3BB}"
EndProject
Project("{FAE04EC0-301F-11D3-BF4B-00C04F79EFBC}") = "DZN4JR_HFT_2022231.JSClient", "DZN4JR_HFT_2022231.JSClient\DZN4JR_HFT_2022231.JSClient.csproj", "{98519350-8A42-46C4-8791-9A4563010C79}"
EndProject
Global
	GlobalSection(SolutionConfigurationPlatforms) = preSolution
		Debug|Any CPU = Debug|Any CPU
		Release|Any CPU = Release|Any CPU
	EndGlobalSection
	GlobalSection(ProjectConfigurationPlatforms) = postSolution
		{DC48DFD8-00DC-459A-82A5-6BE3612B5260}.Debug|Any CPU.ActiveCfg = Debug|Any CPU
		{DC48DFD8-00DC-459A-82A5-6BE3612B5260}.Debug|Any CPU.Build.0 = Debug|Any CPU
		{DC48DFD8-00DC-459A-82A5-6BE3612B5260}.Release|Any CPU.ActiveCfg = Release|Any CPU
		{DC48DFD8-00DC-459A-82A5-6BE3612B5260}.Release|Any CPU.Build.0 = Release|Any CPU
		{16D1E90B-ACA1-434B-B2B6-B9705B9F24E4}.Debug|Any CPU.ActiveCfg = Debug|Any CPU
		{16D1E90B-ACA1-434B-B2B6-B9705B9F24E4}.Debug|Any CPU.Build.0 = Debug|Any CPU
		{16D1E90B-ACA1-434B-B2B6-B9705B9F24E4}.Release|Any CPU.ActiveCfg = Release|Any CPU
		{16D1E90B-ACA1-434B-B2B6-B9705B9F24E4}.Release|Any CPU.Build.0 = Release|Any CPU
		{07E8BA31-3673-4CBD-B036-42ABB51940B1}.Debug|Any CPU.ActiveCfg = Debug|Any CPU
		{07E8BA31-3673-4CBD-B036-42ABB51940B1}.Debug|Any CPU.Build.0 = Debug|Any CPU
		{07E8BA31-3673-4CBD-B036-42ABB51940B1}.Release|Any CPU.ActiveCfg = Release|Any CPU
		{07E8BA31-3673-4CBD-B036-42ABB51940B1}.Release|Any CPU.Build.0 = Release|Any CPU
		{A4295F34-64EC-4B66-B874-057F99A7FA32}.Debug|Any CPU.ActiveCfg = Debug|Any CPU
		{A4295F34-64EC-4B66-B874-057F99A7FA32}.Debug|Any CPU.Build.0 = Debug|Any CPU
		{A4295F34-64EC-4B66-B874-057F99A7FA32}.Release|Any CPU.ActiveCfg = Release|Any CPU
		{A4295F34-64EC-4B66-B874-057F99A7FA32}.Release|Any CPU.Build.0 = Release|Any CPU
		{FD7EB9F3-7D9F-4FA4-9390-5B7C1FFD8E94}.Debug|Any CPU.ActiveCfg = Debug|Any CPU
		{FD7EB9F3-7D9F-4FA4-9390-5B7C1FFD8E94}.Debug|Any CPU.Build.0 = Debug|Any CPU
		{FD7EB9F3-7D9F-4FA4-9390-5B7C1FFD8E94}.Release|Any CPU.ActiveCfg = Release|Any CPU
		{FD7EB9F3-7D9F-4FA4-9390-5B7C1FFD8E94}.Release|Any CPU.Build.0 = Release|Any CPU
		{98DAC610-3022-4119-8DB2-51F32A73DB94}.Debug|Any CPU.ActiveCfg = Debug|Any CPU
		{98DAC610-3022-4119-8DB2-51F32A73DB94}.Debug|Any CPU.Build.0 = Debug|Any CPU
		{98DAC610-3022-4119-8DB2-51F32A73DB94}.Release|Any CPU.ActiveCfg = Release|Any CPU
		{98DAC610-3022-4119-8DB2-51F32A73DB94}.Release|Any CPU.Build.0 = Release|Any CPU
		{C72A28E9-427E-417D-AC30-2CD830EEF3BB}.Debug|Any CPU.ActiveCfg = Debug|Any CPU
		{C72A28E9-427E-417D-AC30-2CD830EEF3BB}.Debug|Any CPU.Build.0 = Debug|Any CPU
		{C72A28E9-427E-417D-AC30-2CD830EEF3BB}.Release|Any CPU.ActiveCfg = Release|Any CPU
		{C72A28E9-427E-417D-AC30-2CD830EEF3BB}.Release|Any CPU.Build.0 = Release|Any CPU
		{98519350-8A42-46C4-8791-9A4563010C79}.Debug|Any CPU.ActiveCfg = Debug|Any CPU
		{98519350-8A42-46C4-8791-9A4563010C79}.Debug|Any CPU.Build.0 = Debug|Any CPU
		{98519350-8A42-46C4-8791-9A4563010C79}.Release|Any CPU.ActiveCfg = Release|Any CPU
		{98519350-8A42-46C4-8791-9A4563010C79}.Release|Any CPU.Build.0 = Release|Any CPU
	EndGlobalSection
	GlobalSection(SolutionProperties) = preSolution
		HideSolutionNode = FALSE
	EndGlobalSection
	GlobalSection(NestedProjects) = preSolution
		{DC48DFD8-00DC-459A-82A5-6BE3612B5260} = {DCB08180-6015-49BB-B557-1BD05CC794AE}
		{16D1E90B-ACA1-434B-B2B6-B9705B9F24E4} = {A5B847B5-5E22-46E2-BF3B-5ED03483AD75}
		{07E8BA31-3673-4CBD-B036-42ABB51940B1} = {A04699B4-3FBB-40A9-AE35-FD7729FCC35C}
		{A4295F34-64EC-4B66-B874-057F99A7FA32} = {A04699B4-3FBB-40A9-AE35-FD7729FCC35C}
		{FD7EB9F3-7D9F-4FA4-9390-5B7C1FFD8E94} = {A04699B4-3FBB-40A9-AE35-FD7729FCC35C}
		{98DAC610-3022-4119-8DB2-51F32A73DB94} = {A04699B4-3FBB-40A9-AE35-FD7729FCC35C}
		{C72A28E9-427E-417D-AC30-2CD830EEF3BB} = {DCB08180-6015-49BB-B557-1BD05CC794AE}
		{98519350-8A42-46C4-8791-9A4563010C79} = {DCB08180-6015-49BB-B557-1BD05CC794AE}
	EndGlobalSection
	GlobalSection(ExtensibilityGlobals) = postSolution
		SolutionGuid = {D246FD1F-3610-4469-85E0-F5567628464F}
	EndGlobalSection
EndGlobal
